
Microsoft Visual Studio Solution File, Format Version 12.00
# Visual Studio Version 16
VisualStudioVersion = 16.0.31729.503
MinimumVisualStudioVersion = 10.0.40219.1
Project("{FAE04EC0-301F-11D3-BF4B-00C04F79EFBC}") = "EpamDashkevichLab9", "EpamDashkevichLab9\EpamDashkevichLab9.csproj", "{49590DE9-9F7E-4F67-808E-0761A339D5C6}"
EndProject
Global
	GlobalSection(SolutionConfigurationPlatforms) = preSolution
		Debug|Any CPU = Debug|Any CPU
		Release|Any CPU = Release|Any CPU
	EndGlobalSection
	GlobalSection(ProjectConfigurationPlatforms) = postSolution
		{49590DE9-9F7E-4F67-808E-0761A339D5C6}.Debug|Any CPU.ActiveCfg = Debug|Any CPU
		{49590DE9-9F7E-4F67-808E-0761A339D5C6}.Debug|Any CPU.Build.0 = Debug|Any CPU
		{49590DE9-9F7E-4F67-808E-0761A339D5C6}.Release|Any CPU.ActiveCfg = Release|Any CPU
		{49590DE9-9F7E-4F67-808E-0761A339D5C6}.Release|Any CPU.Build.0 = Release|Any CPU
	EndGlobalSection
	GlobalSection(SolutionProperties) = preSolution
		HideSolutionNode = FALSE
	EndGlobalSection
	GlobalSection(ExtensibilityGlobals) = postSolution
		SolutionGuid = {DFC5DCA6-CEAB-455B-9E66-F7D7C7F4D5C4}
	EndGlobalSection
EndGlobal
